
Microsoft Visual Studio Solution File, Format Version 12.00
# Visual Studio 14
VisualStudioVersion = 14.0.25420.1
MinimumVisualStudioVersion = 10.0.40219.1
Project("{F14B399A-7131-4C87-9E4B-1186C45EF12D}") = "Report Project", "Report Project\Report Project.rptproj", "{C4750C16-CF69-444A-B8F8-7139F3A07C7A}"
EndProject
Global
	GlobalSection(SolutionConfigurationPlatforms) = preSolution
		Debug|Default = Debug|Default
		DebugLocal|Default = DebugLocal|Default
		Release|Default = Release|Default
	EndGlobalSection
	GlobalSection(ProjectConfigurationPlatforms) = postSolution
		{C4750C16-CF69-444A-B8F8-7139F3A07C7A}.Debug|Default.ActiveCfg = Debug
		{C4750C16-CF69-444A-B8F8-7139F3A07C7A}.Debug|Default.Build.0 = Debug
		{C4750C16-CF69-444A-B8F8-7139F3A07C7A}.Debug|Default.Deploy.0 = Debug
		{C4750C16-CF69-444A-B8F8-7139F3A07C7A}.DebugLocal|Default.ActiveCfg = DebugLocal
		{C4750C16-CF69-444A-B8F8-7139F3A07C7A}.DebugLocal|Default.Build.0 = DebugLocal
		{C4750C16-CF69-444A-B8F8-7139F3A07C7A}.Release|Default.ActiveCfg = Release
		{C4750C16-CF69-444A-B8F8-7139F3A07C7A}.Release|Default.Build.0 = Release
		{C4750C16-CF69-444A-B8F8-7139F3A07C7A}.Release|Default.Deploy.0 = Release
	EndGlobalSection
	GlobalSection(SolutionProperties) = preSolution
		HideSolutionNode = FALSE
	EndGlobalSection
EndGlobal
